// !$*UTF8*$!
{
	archiveVersion = 1;
	classes = {
	};
	objectVersion = 50;
	objects = {

/* Begin PBXBuildFile section */
		4F55227E24C82EB100C957C2 /* LazyStack_LazyGridApp.swift in Sources */ = {isa = PBXBuildFile; fileRef = 4F55227D24C82EB100C957C2 /* LazyStack_LazyGridApp.swift */; };
		4F55228024C82EB100C957C2 /* ContentView.swift in Sources */ = {isa = PBXBuildFile; fileRef = 4F55227F24C82EB100C957C2 /* ContentView.swift */; };
		4F55228224C82EB200C957C2 /* Assets.xcassets in Resources */ = {isa = PBXBuildFile; fileRef = 4F55228124C82EB200C957C2 /* Assets.xcassets */; };
		4F55228524C82EB200C957C2 /* Preview Assets.xcassets in Resources */ = {isa = PBXBuildFile; fileRef = 4F55228424C82EB200C957C2 /* Preview Assets.xcassets */; };
		4F55229024C82EB200C957C2 /* LazyStack_LazyGridTests.swift in Sources */ = {isa = PBXBuildFile; fileRef = 4F55228F24C82EB200C957C2 /* LazyStack_LazyGridTests.swift */; };
		4F55229B24C82EB200C957C2 /* LazyStack_LazyGridUITests.swift in Sources */ = {isa = PBXBuildFile; fileRef = 4F55229A24C82EB200C957C2 /* LazyStack_LazyGridUITests.swift */; };
		4F5522A924C82ED400C957C2 /* LazyHStackView.swift in Sources */ = {isa = PBXBuildFile; fileRef = 4F5522A824C82ED400C957C2 /* LazyHStackView.swift */; };
		4F5522AB24C82EE000C957C2 /* LazyVStackView.swift in Sources */ = {isa = PBXBuildFile; fileRef = 4F5522AA24C82EE000C957C2 /* LazyVStackView.swift */; };
		4F5522AD24C82F0C00C957C2 /* LazyHGridView.swift in Sources */ = {isa = PBXBuildFile; fileRef = 4F5522AC24C82F0C00C957C2 /* LazyHGridView.swift */; };
		4F5522AF24C82F2400C957C2 /* LazyVGridView.swift in Sources */ = {isa = PBXBuildFile; fileRef = 4F5522AE24C82F2400C957C2 /* LazyVGridView.swift */; };
/* End PBXBuildFile section */

/* Begin PBXContainerItemProxy section */
		4F55228C24C82EB200C957C2 /* PBXContainerItemProxy */ = {
			isa = PBXContainerItemProxy;
			containerPortal = 4F55227224C82EB000C957C2 /* Project object */;
			proxyType = 1;
			remoteGlobalIDString = 4F55227924C82EB100C957C2;
			remoteInfo = "LazyStack&LazyGrid";
		};
		4F55229724C82EB200C957C2 /* PBXContainerItemProxy */ = {
			isa = PBXContainerItemProxy;
			containerPortal = 4F55227224C82EB000C957C2 /* Project object */;
			proxyType = 1;
			remoteGlobalIDString = 4F55227924C82EB100C957C2;
			remoteInfo = "LazyStack&LazyGrid";
		};
/* End PBXContainerItemProxy section */

/* Begin PBXFileReference section */
		4F55227A24C82EB100C957C2 /* LazyStack&LazyGrid.app */ = {isa = PBXFileReference; explicitFileType = wrapper.application; includeInIndex = 0; path = "LazyStack&LazyGrid.app"; sourceTree = BUILT_PRODUCTS_DIR; };
		4F55227D24C82EB100C957C2 /* LazyStack_LazyGridApp.swift */ = {isa = PBXFileReference; lastKnownFileType = sourcecode.swift; path = LazyStack_LazyGridApp.swift; sourceTree = "<group>"; };
		4F55227F24C82EB100C957C2 /* ContentView.swift */ = {isa = PBXFileReference; lastKnownFileType = sourcecode.swift; path = ContentView.swift; sourceTree = "<group>"; };
		4F55228124C82EB200C957C2 /* Assets.xcassets */ = {isa = PBXFileReference; lastKnownFileType = folder.assetcatalog; path = Assets.xcassets; sourceTree = "<group>"; };
		4F55228424C82EB200C957C2 /* Preview Assets.xcassets */ = {isa = PBXFileReference; lastKnownFileType = folder.assetcatalog; path = "Preview Assets.xcassets"; sourceTree = "<group>"; };
		4F55228624C82EB200C957C2 /* Info.plist */ = {isa = PBXFileReference; lastKnownFileType = text.plist.xml; path = Info.plist; sourceTree = "<group>"; };
		4F55228B24C82EB200C957C2 /* LazyStack&LazyGridTests.xctest */ = {isa = PBXFileReference; explicitFileType = wrapper.cfbundle; includeInIndex = 0; path = "LazyStack&LazyGridTests.xctest"; sourceTree = BUILT_PRODUCTS_DIR; };
		4F55228F24C82EB200C957C2 /* LazyStack_LazyGridTests.swift */ = {isa = PBXFileReference; lastKnownFileType = sourcecode.swift; path = LazyStack_LazyGridTests.swift; sourceTree = "<group>"; };
		4F55229124C82EB200C957C2 /* Info.plist */ = {isa = PBXFileReference; lastKnownFileType = text.plist.xml; path = Info.plist; sourceTree = "<group>"; };
		4F55229624C82EB200C957C2 /* LazyStack&LazyGridUITests.xctest */ = {isa = PBXFileReference; explicitFileType = wrapper.cfbundle; includeInIndex = 0; path = "LazyStack&LazyGridUITests.xctest"; sourceTree = BUILT_PRODUCTS_DIR; };
		4F55229A24C82EB200C957C2 /* LazyStack_LazyGridUITests.swift */ = {isa = PBXFileReference; lastKnownFileType = sourcecode.swift; path = LazyStack_LazyGridUITests.swift; sourceTree = "<group>"; };
		4F55229C24C82EB200C957C2 /* Info.plist */ = {isa = PBXFileReference; lastKnownFileType = text.plist.xml; path = Info.plist; sourceTree = "<group>"; };
		4F5522A824C82ED400C957C2 /* LazyHStackView.swift */ = {isa = PBXFileReference; lastKnownFileType = sourcecode.swift; path = LazyHStackView.swift; sourceTree = "<group>"; };
		4F5522AA24C82EE000C957C2 /* LazyVStackView.swift */ = {isa = PBXFileReference; lastKnownFileType = sourcecode.swift; path = LazyVStackView.swift; sourceTree = "<group>"; };
		4F5522AC24C82F0C00C957C2 /* LazyHGridView.swift */ = {isa = PBXFileReference; lastKnownFileType = sourcecode.swift; path = LazyHGridView.swift; sourceTree = "<group>"; };
		4F5522AE24C82F2400C957C2 /* LazyVGridView.swift */ = {isa = PBXFileReference; lastKnownFileType = sourcecode.swift; path = LazyVGridView.swift; sourceTree = "<group>"; };
/* End PBXFileReference section */

/* Begin PBXFrameworksBuildPhase section */
		4F55227724C82EB100C957C2 /* Frameworks */ = {
			isa = PBXFrameworksBuildPhase;
			buildActionMask = 2147483647;
			files = (
			);
			runOnlyForDeploymentPostprocessing = 0;
		};
		4F55228824C82EB200C957C2 /* Frameworks */ = {
			isa = PBXFrameworksBuildPhase;
			buildActionMask = 2147483647;
			files = (
			);
			runOnlyForDeploymentPostprocessing = 0;
		};
		4F55229324C82EB200C957C2 /* Frameworks */ = {
			isa = PBXFrameworksBuildPhase;
			buildActionMask = 2147483647;
			files = (
			);
			runOnlyForDeploymentPostprocessing = 0;
		};
/* End PBXFrameworksBuildPhase section */

/* Begin PBXGroup section */
		4F55227124C82EB000C957C2 = {
			isa = PBXGroup;
			children = (
				4F55227C24C82EB100C957C2 /* LazyStack&LazyGrid */,
				4F55228E24C82EB200C957C2 /* LazyStack&LazyGridTests */,
				4F55229924C82EB200C957C2 /* LazyStack&LazyGridUITests */,
				4F55227B24C82EB100C957C2 /* Products */,
			);
			sourceTree = "<group>";
		};
		4F55227B24C82EB100C957C2 /* Products */ = {
			isa = PBXGroup;
			children = (
				4F55227A24C82EB100C957C2 /* LazyStack&LazyGrid.app */,
				4F55228B24C82EB200C957C2 /* LazyStack&LazyGridTests.xctest */,
				4F55229624C82EB200C957C2 /* LazyStack&LazyGridUITests.xctest */,
			);
			name = Products;
			sourceTree = "<group>";
		};
		4F55227C24C82EB100C957C2 /* LazyStack&LazyGrid */ = {
			isa = PBXGroup;
			children = (
				4F55227D24C82EB100C957C2 /* LazyStack_LazyGridApp.swift */,
				4F55227F24C82EB100C957C2 /* ContentView.swift */,
				4F5522A824C82ED400C957C2 /* LazyHStackView.swift */,
				4F5522AA24C82EE000C957C2 /* LazyVStackView.swift */,
				4F5522AC24C82F0C00C957C2 /* LazyHGridView.swift */,
				4F5522AE24C82F2400C957C2 /* LazyVGridView.swift */,
				4F55228124C82EB200C957C2 /* Assets.xcassets */,
				4F55228624C82EB200C957C2 /* Info.plist */,
				4F55228324C82EB200C957C2 /* Preview Content */,
			);
			path = "LazyStack&LazyGrid";
			sourceTree = "<group>";
		};
		4F55228324C82EB200C957C2 /* Preview Content */ = {
			isa = PBXGroup;
			children = (
				4F55228424C82EB200C957C2 /* Preview Assets.xcassets */,
			);
			path = "Preview Content";
			sourceTree = "<group>";
		};
		4F55228E24C82EB200C957C2 /* LazyStack&LazyGridTests */ = {
			isa = PBXGroup;
			children = (
				4F55228F24C82EB200C957C2 /* LazyStack_LazyGridTests.swift */,
				4F55229124C82EB200C957C2 /* Info.plist */,
			);
			path = "LazyStack&LazyGridTests";
			sourceTree = "<group>";
		};
		4F55229924C82EB200C957C2 /* LazyStack&LazyGridUITests */ = {
			isa = PBXGroup;
			children = (
				4F55229A24C82EB200C957C2 /* LazyStack_LazyGridUITests.swift */,
				4F55229C24C82EB200C957C2 /* Info.plist */,
			);
			path = "LazyStack&LazyGridUITests";
			sourceTree = "<group>";
		};
/* End PBXGroup section */

/* Begin PBXNativeTarget section */
		4F55227924C82EB100C957C2 /* LazyStack&LazyGrid */ = {
			isa = PBXNativeTarget;
			buildConfigurationList = 4F55229F24C82EB200C957C2 /* Build configuration list for PBXNativeTarget "LazyStack&LazyGrid" */;
			buildPhases = (
				4F55227624C82EB100C957C2 /* Sources */,
				4F55227724C82EB100C957C2 /* Frameworks */,
				4F55227824C82EB100C957C2 /* Resources */,
			);
			buildRules = (
			);
			dependencies = (
			);
			name = "LazyStack&LazyGrid";
			productName = "LazyStack&LazyGrid";
			productReference = 4F55227A24C82EB100C957C2 /* LazyStack&LazyGrid.app */;
			productType = "com.apple.product-type.application";
		};
		4F55228A24C82EB200C957C2 /* LazyStack&LazyGridTests */ = {
			isa = PBXNativeTarget;
			buildConfigurationList = 4F5522A224C82EB200C957C2 /* Build configuration list for PBXNativeTarget "LazyStack&LazyGridTests" */;
			buildPhases = (
				4F55228724C82EB200C957C2 /* Sources */,
				4F55228824C82EB200C957C2 /* Frameworks */,
				4F55228924C82EB200C957C2 /* Resources */,
			);
			buildRules = (
			);
			dependencies = (
				4F55228D24C82EB200C957C2 /* PBXTargetDependency */,
			);
			name = "LazyStack&LazyGridTests";
			productName = "LazyStack&LazyGridTests";
			productReference = 4F55228B24C82EB200C957C2 /* LazyStack&LazyGridTests.xctest */;
			productType = "com.apple.product-type.bundle.unit-test";
		};
		4F55229524C82EB200C957C2 /* LazyStack&LazyGridUITests */ = {
			isa = PBXNativeTarget;
			buildConfigurationList = 4F5522A524C82EB200C957C2 /* Build configuration list for PBXNativeTarget "LazyStack&LazyGridUITests" */;
			buildPhases = (
				4F55229224C82EB200C957C2 /* Sources */,
				4F55229324C82EB200C957C2 /* Frameworks */,
				4F55229424C82EB200C957C2 /* Resources */,
			);
			buildRules = (
			);
			dependencies = (
				4F55229824C82EB200C957C2 /* PBXTargetDependency */,
			);
			name = "LazyStack&LazyGridUITests";
			productName = "LazyStack&LazyGridUITests";
			productReference = 4F55229624C82EB200C957C2 /* LazyStack&LazyGridUITests.xctest */;
			productType = "com.apple.product-type.bundle.ui-testing";
		};
/* End PBXNativeTarget section */

/* Begin PBXProject section */
		4F55227224C82EB000C957C2 /* Project object */ = {
			isa = PBXProject;
			attributes = {
				LastSwiftUpdateCheck = 1200;
				LastUpgradeCheck = 1200;
				TargetAttributes = {
					4F55227924C82EB100C957C2 = {
						CreatedOnToolsVersion = 12.0;
					};
					4F55228A24C82EB200C957C2 = {
						CreatedOnToolsVersion = 12.0;
						TestTargetID = 4F55227924C82EB100C957C2;
					};
					4F55229524C82EB200C957C2 = {
						CreatedOnToolsVersion = 12.0;
						TestTargetID = 4F55227924C82EB100C957C2;
					};
				};
			};
			buildConfigurationList = 4F55227524C82EB000C957C2 /* Build configuration list for PBXProject "LazyStack&LazyGrid" */;
			compatibilityVersion = "Xcode 9.3";
			developmentRegion = en;
			hasScannedForEncodings = 0;
			knownRegions = (
				en,
				Base,
			);
			mainGroup = 4F55227124C82EB000C957C2;
			productRefGroup = 4F55227B24C82EB100C957C2 /* Products */;
			projectDirPath = "";
			projectRoot = "";
			targets = (
				4F55227924C82EB100C957C2 /* LazyStack&LazyGrid */,
				4F55228A24C82EB200C957C2 /* LazyStack&LazyGridTests */,
				4F55229524C82EB200C957C2 /* LazyStack&LazyGridUITests */,
			);
		};
/* End PBXProject section */

/* Begin PBXResourcesBuildPhase section */
		4F55227824C82EB100C957C2 /* Resources */ = {
			isa = PBXResourcesBuildPhase;
			buildActionMask = 2147483647;
			files = (
				4F55228524C82EB200C957C2 /* Preview Assets.xcassets in Resources */,
				4F55228224C82EB200C957C2 /* Assets.xcassets in Resources */,
			);
			runOnlyForDeploymentPostprocessing = 0;
		};
		4F55228924C82EB200C957C2 /* Resources */ = {
			isa = PBXResourcesBuildPhase;
			buildActionMask = 2147483647;
			files = (
			);
			runOnlyForDeploymentPostprocessing = 0;
		};
		4F55229424C82EB200C957C2 /* Resources */ = {
			isa = PBXResourcesBuildPhase;
			buildActionMask = 2147483647;
			files = (
			);
			runOnlyForDeploymentPostprocessing = 0;
		};
/* End PBXResourcesBuildPhase section */

/* Begin PBXSourcesBuildPhase section */
		4F55227624C82EB100C957C2 /* Sources */ = {
			isa = PBXSourcesBuildPhase;
			buildActionMask = 2147483647;
			files = (
				4F55228024C82EB100C957C2 /* ContentView.swift in Sources */,
				4F55227E24C82EB100C957C2 /* LazyStack_LazyGridApp.swift in Sources */,
				4F5522AB24C82EE000C957C2 /* LazyVStackView.swift in Sources */,
				4F5522AF24C82F2400C957C2 /* LazyVGridView.swift in Sources */,
				4F5522AD24C82F0C00C957C2 /* LazyHGridView.swift in Sources */,
				4F5522A924C82ED400C957C2 /* LazyHStackView.swift in Sources */,
			);
			runOnlyForDeploymentPostprocessing = 0;
		};
		4F55228724C82EB200C957C2 /* Sources */ = {
			isa = PBXSourcesBuildPhase;
			buildActionMask = 2147483647;
			files = (
				4F55229024C82EB200C957C2 /* LazyStack_LazyGridTests.swift in Sources */,
			);
			runOnlyForDeploymentPostprocessing = 0;
		};
		4F55229224C82EB200C957C2 /* Sources */ = {
			isa = PBXSourcesBuildPhase;
			buildActionMask = 2147483647;
			files = (
				4F55229B24C82EB200C957C2 /* LazyStack_LazyGridUITests.swift in Sources */,
			);
			runOnlyForDeploymentPostprocessing = 0;
		};
/* End PBXSourcesBuildPhase section */

/* Begin PBXTargetDependency section */
		4F55228D24C82EB200C957C2 /* PBXTargetDependency */ = {
			isa = PBXTargetDependency;
			target = 4F55227924C82EB100C957C2 /* LazyStack&LazyGrid */;
			targetProxy = 4F55228C24C82EB200C957C2 /* PBXContainerItemProxy */;
		};
		4F55229824C82EB200C957C2 /* PBXTargetDependency */ = {
			isa = PBXTargetDependency;
			target = 4F55227924C82EB100C957C2 /* LazyStack&LazyGrid */;
			targetProxy = 4F55229724C82EB200C957C2 /* PBXContainerItemProxy */;
		};
/* End PBXTargetDependency section */

/* Begin XCBuildConfiguration section */
		4F55229D24C82EB200C957C2 /* Debug */ = {
			isa = XCBuildConfiguration;
			buildSettings = {
				ALWAYS_SEARCH_USER_PATHS = NO;
				CLANG_ANALYZER_NONNULL = YES;
				CLANG_ANALYZER_NUMBER_OBJECT_CONVERSION = YES_AGGRESSIVE;
				CLANG_CXX_LANGUAGE_STANDARD = "gnu++14";
				CLANG_CXX_LIBRARY = "libc++";
				CLANG_ENABLE_MODULES = YES;
				CLANG_ENABLE_OBJC_ARC = YES;
				CLANG_ENABLE_OBJC_WEAK = YES;
				CLANG_WARN_BLOCK_CAPTURE_AUTORELEASING = YES;
				CLANG_WARN_BOOL_CONVERSION = YES;
				CLANG_WARN_COMMA = YES;
				CLANG_WARN_CONSTANT_CONVERSION = YES;
				CLANG_WARN_DEPRECATED_OBJC_IMPLEMENTATIONS = YES;
				CLANG_WARN_DIRECT_OBJC_ISA_USAGE = YES_ERROR;
				CLANG_WARN_DOCUMENTATION_COMMENTS = YES;
				CLANG_WARN_EMPTY_BODY = YES;
				CLANG_WARN_ENUM_CONVERSION = YES;
				CLANG_WARN_INFINITE_RECURSION = YES;
				CLANG_WARN_INT_CONVERSION = YES;
				CLANG_WARN_NON_LITERAL_NULL_CONVERSION = YES;
				CLANG_WARN_OBJC_IMPLICIT_RETAIN_SELF = YES;
				CLANG_WARN_OBJC_LITERAL_CONVERSION = YES;
				CLANG_WARN_OBJC_ROOT_CLASS = YES_ERROR;
				CLANG_WARN_QUOTED_INCLUDE_IN_FRAMEWORK_HEADER = YES;
				CLANG_WARN_RANGE_LOOP_ANALYSIS = YES;
				CLANG_WARN_STRICT_PROTOTYPES = YES;
				CLANG_WARN_SUSPICIOUS_MOVE = YES;
				CLANG_WARN_UNGUARDED_AVAILABILITY = YES_AGGRESSIVE;
				CLANG_WARN_UNREACHABLE_CODE = YES;
				CLANG_WARN__DUPLICATE_METHOD_MATCH = YES;
				COPY_PHASE_STRIP = NO;
				DEBUG_INFORMATION_FORMAT = dwarf;
				ENABLE_STRICT_OBJC_MSGSEND = YES;
				ENABLE_TESTABILITY = YES;
				GCC_C_LANGUAGE_STANDARD = gnu11;
				GCC_DYNAMIC_NO_PIC = NO;
				GCC_NO_COMMON_BLOCKS = YES;
				GCC_OPTIMIZATION_LEVEL = 0;
				GCC_PREPROCESSOR_DEFINITIONS = (
					"DEBUG=1",
					"$(inherited)",
				);
				GCC_WARN_64_TO_32_BIT_CONVERSION = YES;
				GCC_WARN_ABOUT_RETURN_TYPE = YES_ERROR;
				GCC_WARN_UNDECLARED_SELECTOR = YES;
				GCC_WARN_UNINITIALIZED_AUTOS = YES_AGGRESSIVE;
				GCC_WARN_UNUSED_FUNCTION = YES;
				GCC_WARN_UNUSED_VARIABLE = YES;
				IPHONEOS_DEPLOYMENT_TARGET = 14.0;
				MTL_ENABLE_DEBUG_INFO = INCLUDE_SOURCE;
				MTL_FAST_MATH = YES;
				ONLY_ACTIVE_ARCH = YES;
				SDKROOT = iphoneos;
				SWIFT_ACTIVE_COMPILATION_CONDITIONS = DEBUG;
				SWIFT_OPTIMIZATION_LEVEL = "-Onone";
			};
			name = Debug;
		};
		4F55229E24C82EB200C957C2 /* Release */ = {
			isa = XCBuildConfiguration;
			buildSettings = {
				ALWAYS_SEARCH_USER_PATHS = NO;
				CLANG_ANALYZER_NONNULL = YES;
				CLANG_ANALYZER_NUMBER_OBJECT_CONVERSION = YES_AGGRESSIVE;
				CLANG_CXX_LANGUAGE_STANDARD = "gnu++14";
				CLANG_CXX_LIBRARY = "libc++";
				CLANG_ENABLE_MODULES = YES;
				CLANG_ENABLE_OBJC_ARC = YES;
				CLANG_ENABLE_OBJC_WEAK = YES;
				CLANG_WARN_BLOCK_CAPTURE_AUTORELEASING = YES;
				CLANG_WARN_BOOL_CONVERSION = YES;
				CLANG_WARN_COMMA = YES;
				CLANG_WARN_CONSTANT_CONVERSION = YES;
				CLANG_WARN_DEPRECATED_OBJC_IMPLEMENTATIONS = YES;
				CLANG_WARN_DIRECT_OBJC_ISA_USAGE = YES_ERROR;
				CLANG_WARN_DOCUMENTATION_COMMENTS = YES;
				CLANG_WARN_EMPTY_BODY = YES;
				CLANG_WARN_ENUM_CONVERSION = YES;
				CLANG_WARN_INFINITE_RECURSION = YES;
				CLANG_WARN_INT_CONVERSION = YES;
				CLANG_WARN_NON_LITERAL_NULL_CONVERSION = YES;
				CLANG_WARN_OBJC_IMPLICIT_RETAIN_SELF = YES;
				CLANG_WARN_OBJC_LITERAL_CONVERSION = YES;
				CLANG_WARN_OBJC_ROOT_CLASS = YES_ERROR;
				CLANG_WARN_QUOTED_INCLUDE_IN_FRAMEWORK_HEADER = YES;
				CLANG_WARN_RANGE_LOOP_ANALYSIS = YES;
				CLANG_WARN_STRICT_PROTOTYPES = YES;
				CLANG_WARN_SUSPICIOUS_MOVE = YES;
				CLANG_WARN_UNGUARDED_AVAILABILITY = YES_AGGRESSIVE;
				CLANG_WARN_UNREACHABLE_CODE = YES;
				CLANG_WARN__DUPLICATE_METHOD_MATCH = YES;
				COPY_PHASE_STRIP = NO;
				DEBUG_INFORMATION_FORMAT = "dwarf-with-dsym";
				ENABLE_NS_ASSERTIONS = NO;
				ENABLE_STRICT_OBJC_MSGSEND = YES;
				GCC_C_LANGUAGE_STANDARD = gnu11;
				GCC_NO_COMMON_BLOCKS = YES;
				GCC_WARN_64_TO_32_BIT_CONVERSION = YES;
				GCC_WARN_ABOUT_RETURN_TYPE = YES_ERROR;
				GCC_WARN_UNDECLARED_SELECTOR = YES;
				GCC_WARN_UNINITIALIZED_AUTOS = YES_AGGRESSIVE;
				GCC_WARN_UNUSED_FUNCTION = YES;
				GCC_WARN_UNUSED_VARIABLE = YES;
				IPHONEOS_DEPLOYMENT_TARGET = 14.0;
				MTL_ENABLE_DEBUG_INFO = NO;
				MTL_FAST_MATH = YES;
				SDKROOT = iphoneos;
				SWIFT_COMPILATION_MODE = wholemodule;
				SWIFT_OPTIMIZATION_LEVEL = "-O";
				VALIDATE_PRODUCT = YES;
			};
			name = Release;
		};
		4F5522A024C82EB200C957C2 /* Debug */ = {
			isa = XCBuildConfiguration;
			buildSettings = {
				ASSETCATALOG_COMPILER_APPICON_NAME = AppIcon;
				ASSETCATALOG_COMPILER_GLOBAL_ACCENT_COLOR_NAME = AccentColor;
				CODE_SIGN_STYLE = Automatic;
				DEVELOPMENT_ASSET_PATHS = "\"LazyStack&LazyGrid/Preview Content\"";
				DEVELOPMENT_TEAM = JHT4FL54H9;
				ENABLE_PREVIEWS = YES;
				INFOPLIST_FILE = "LazyStack&LazyGrid/Info.plist";
				IPHONEOS_DEPLOYMENT_TARGET = 14.0;
				LD_RUNPATH_SEARCH_PATHS = (
					"$(inherited)",
					"@executable_path/Frameworks",
				);
				PRODUCT_BUNDLE_IDENTIFIER = "cn.keisme.LazyStack-LazyGrid";
				PRODUCT_NAME = "$(TARGET_NAME)";
				SWIFT_VERSION = 5.0;
				TARGETED_DEVICE_FAMILY = "1,2";
			};
			name = Debug;
		};
		4F5522A124C82EB200C957C2 /* Release */ = {
			isa = XCBuildConfiguration;
			buildSettings = {
				ASSETCATALOG_COMPILER_APPICON_NAME = AppIcon;
				ASSETCATALOG_COMPILER_GLOBAL_ACCENT_COLOR_NAME = AccentColor;
				CODE_SIGN_STYLE = Automatic;
				DEVELOPMENT_ASSET_PATHS = "\"LazyStack&LazyGrid/Preview Content\"";
				DEVELOPMENT_TEAM = JHT4FL54H9;
				ENABLE_PREVIEWS = YES;
				INFOPLIST_FILE = "LazyStack&LazyGrid/Info.plist";
				IPHONEOS_DEPLOYMENT_TARGET = 14.0;
				LD_RUNPATH_SEARCH_PATHS = (
					"$(inherited)",
					"@executable_path/Frameworks",
				);
				PRODUCT_BUNDLE_IDENTIFIER = "cn.keisme.LazyStack-LazyGrid";
				PRODUCT_NAME = "$(TARGET_NAME)";
				SWIFT_VERSION = 5.0;
				TARGETED_DEVICE_FAMILY = "1,2";
			};
			name = Release;
		};
		4F5522A324C82EB200C957C2 /* Debug */ = {
			isa = XCBuildConfiguration;
			buildSettings = {
				ALWAYS_EMBED_SWIFT_STANDARD_LIBRARIES = YES;
				BUNDLE_LOADER = "$(TEST_HOST)";
				CODE_SIGN_STYLE = Automatic;
				DEVELOPMENT_TEAM = JHT4FL54H9;
				INFOPLIST_FILE = "LazyStack&LazyGridTests/Info.plist";
				IPHONEOS_DEPLOYMENT_TARGET = 14.0;
				LD_RUNPATH_SEARCH_PATHS = (
					"$(inherited)",
					"@executable_path/Frameworks",
					"@loader_path/Frameworks",
				);
				PRODUCT_BUNDLE_IDENTIFIER = "cn.keisme.LazyStack-LazyGridTests";
				PRODUCT_NAME = "$(TARGET_NAME)";
				SWIFT_VERSION = 5.0;
				TARGETED_DEVICE_FAMILY = "1,2";
				TEST_HOST = "$(BUILT_PRODUCTS_DIR)/LazyStack&LazyGrid.app/LazyStack&LazyGrid";
			};
			name = Debug;
		};
		4F5522A424C82EB200C957C2 /* Release */ = {
			isa = XCBuildConfiguration;
			buildSettings = {
				ALWAYS_EMBED_SWIFT_STANDARD_LIBRARIES = YES;
				BUNDLE_LOADER = "$(TEST_HOST)";
				CODE_SIGN_STYLE = Automatic;
				DEVELOPMENT_TEAM = JHT4FL54H9;
				INFOPLIST_FILE = "LazyStack&LazyGridTests/Info.plist";
				IPHONEOS_DEPLOYMENT_TARGET = 14.0;
				LD_RUNPATH_SEARCH_PATHS = (
					"$(inherited)",
					"@executable_path/Frameworks",
					"@loader_path/Frameworks",
				);
				PRODUCT_BUNDLE_IDENTIFIER = "cn.keisme.LazyStack-LazyGridTests";
				PRODUCT_NAME = "$(TARGET_NAME)";
				SWIFT_VERSION = 5.0;
				TARGETED_DEVICE_FAMILY = "1,2";
				TEST_HOST = "$(BUILT_PRODUCTS_DIR)/LazyStack&LazyGrid.app/LazyStack&LazyGrid";
			};
			name = Release;
		};
		4F5522A624C82EB200C957C2 /* Debug */ = {
			isa = XCBuildConfiguration;
			buildSettings = {
				ALWAYS_EMBED_SWIFT_STANDARD_LIBRARIES = YES;
				CODE_SIGN_STYLE = Automatic;
				DEVELOPMENT_TEAM = JHT4FL54H9;
				INFOPLIST_FILE = "LazyStack&LazyGridUITests/Info.plist";
				LD_RUNPATH_SEARCH_PATHS = (
					"$(inherited)",
					"@executable_path/Frameworks",
					"@loader_path/Frameworks",
				);
				PRODUCT_BUNDLE_IDENTIFIER = "cn.keisme.LazyStack-LazyGridUITests";
				PRODUCT_NAME = "$(TARGET_NAME)";
				SWIFT_VERSION = 5.0;
				TARGETED_DEVICE_FAMILY = "1,2";
				TEST_TARGET_NAME = "LazyStack&LazyGrid";
			};
			name = Debug;
		};
		4F5522A724C82EB200C957C2 /* Release */ = {
			isa = XCBuildConfiguration;
			buildSettings = {
				ALWAYS_EMBED_SWIFT_STANDARD_LIBRARIES = YES;
				CODE_SIGN_STYLE = Automatic;
				DEVELOPMENT_TEAM = JHT4FL54H9;
				INFOPLIST_FILE = "LazyStack&LazyGridUITests/Info.plist";
				LD_RUNPATH_SEARCH_PATHS = (
					"$(inherited)",
					"@executable_path/Frameworks",
					"@loader_path/Frameworks",
				);
				PRODUCT_BUNDLE_IDENTIFIER = "cn.keisme.LazyStack-LazyGridUITests";
				PRODUCT_NAME = "$(TARGET_NAME)";
				SWIFT_VERSION = 5.0;
				TARGETED_DEVICE_FAMILY = "1,2";
				TEST_TARGET_NAME = "LazyStack&LazyGrid";
			};
			name = Release;
		};
/* End XCBuildConfiguration section */

/* Begin XCConfigurationList section */
		4F55227524C82EB000C957C2 /* Build configuration list for PBXProject "LazyStack&LazyGrid" */ = {
			isa = XCConfigurationList;
			buildConfigurations = (
				4F55229D24C82EB200C957C2 /* Debug */,
				4F55229E24C82EB200C957C2 /* Release */,
			);
			defaultConfigurationIsVisible = 0;
			defaultConfigurationName = Release;
		};
		4F55229F24C82EB200C957C2 /* Build configuration list for PBXNativeTarget "LazyStack&LazyGrid" */ = {
			isa = XCConfigurationList;
			buildConfigurations = (
				4F5522A024C82EB200C957C2 /* Debug */,
				4F5522A124C82EB200C957C2 /* Release */,
			);
			defaultConfigurationIsVisible = 0;
			defaultConfigurationName = Release;
		};
		4F5522A224C82EB200C957C2 /* Build configuration list for PBXNativeTarget "LazyStack&LazyGridTests" */ = {
			isa = XCConfigurationList;
			buildConfigurations = (
				4F5522A324C82EB200C957C2 /* Debug */,
				4F5522A424C82EB200C957C2 /* Release */,
			);
			defaultConfigurationIsVisible = 0;
			defaultConfigurationName = Release;
		};
		4F5522A524C82EB200C957C2 /* Build configuration list for PBXNativeTarget "LazyStack&LazyGridUITests" */ = {
			isa = XCConfigurationList;
			buildConfigurations = (
				4F5522A624C82EB200C957C2 /* Debug */,
				4F5522A724C82EB200C957C2 /* Release */,
			);
			defaultConfigurationIsVisible = 0;
			defaultConfigurationName = Release;
		};
/* End XCConfigurationList section */
	};
	rootObject = 4F55227224C82EB000C957C2 /* Project object */;
}
