// !$*UTF8*$!
{
	archiveVersion = 1;
	classes = {
	};
	objectVersion = 52;
	objects = {

/* Begin PBXBuildFile section */
		4F90B13D247BBDE4003A97D1 /* AppDelegate.swift in Sources */ = {isa = PBXBuildFile; fileRef = 4F90B13C247BBDE4003A97D1 /* AppDelegate.swift */; };
		4F90B13F247BBDE4003A97D1 /* SceneDelegate.swift in Sources */ = {isa = PBXBuildFile; fileRef = 4F90B13E247BBDE4003A97D1 /* SceneDelegate.swift */; };
		4F90B141247BBDE4003A97D1 /* ContentView.swift in Sources */ = {isa = PBXBuildFile; fileRef = 4F90B140247BBDE4003A97D1 /* ContentView.swift */; };
		4F90B143247BBDEB003A97D1 /* Assets.xcassets in Resources */ = {isa = PBXBuildFile; fileRef = 4F90B142247BBDEB003A97D1 /* Assets.xcassets */; };
		4F90B146247BBDEB003A97D1 /* Preview Assets.xcassets in Resources */ = {isa = PBXBuildFile; fileRef = 4F90B145247BBDEB003A97D1 /* Preview Assets.xcassets */; };
		4F90B149247BBDEB003A97D1 /* LaunchScreen.storyboard in Resources */ = {isa = PBXBuildFile; fileRef = 4F90B147247BBDEB003A97D1 /* LaunchScreen.storyboard */; };
		4F90B152247BD247003A97D1 /* SamplePackage in Frameworks */ = {isa = PBXBuildFile; productRef = 4F90B151247BD247003A97D1 /* SamplePackage */; };
		4F90B154247BD5BA003A97D1 /* ProspectsView.swift in Sources */ = {isa = PBXBuildFile; fileRef = 4F90B153247BD5BA003A97D1 /* ProspectsView.swift */; };
		4F90B156247BD5C2003A97D1 /* MeView.swift in Sources */ = {isa = PBXBuildFile; fileRef = 4F90B155247BD5C2003A97D1 /* MeView.swift */; };
		4F90B158247BD71D003A97D1 /* Prospect.swift in Sources */ = {isa = PBXBuildFile; fileRef = 4F90B157247BD71D003A97D1 /* Prospect.swift */; };
		6B33C09D247C1D3000B065D8 /* CodeScanner in Frameworks */ = {isa = PBXBuildFile; productRef = 6B33C09C247C1D3000B065D8 /* CodeScanner */; };
/* End PBXBuildFile section */

/* Begin PBXFileReference section */
		4F90B139247BBDE4003A97D1 /* HotProspects.app */ = {isa = PBXFileReference; explicitFileType = wrapper.application; includeInIndex = 0; path = HotProspects.app; sourceTree = BUILT_PRODUCTS_DIR; };
		4F90B13C247BBDE4003A97D1 /* AppDelegate.swift */ = {isa = PBXFileReference; lastKnownFileType = sourcecode.swift; path = AppDelegate.swift; sourceTree = "<group>"; };
		4F90B13E247BBDE4003A97D1 /* SceneDelegate.swift */ = {isa = PBXFileReference; lastKnownFileType = sourcecode.swift; path = SceneDelegate.swift; sourceTree = "<group>"; };
		4F90B140247BBDE4003A97D1 /* ContentView.swift */ = {isa = PBXFileReference; lastKnownFileType = sourcecode.swift; path = ContentView.swift; sourceTree = "<group>"; };
		4F90B142247BBDEB003A97D1 /* Assets.xcassets */ = {isa = PBXFileReference; lastKnownFileType = folder.assetcatalog; path = Assets.xcassets; sourceTree = "<group>"; };
		4F90B145247BBDEB003A97D1 /* Preview Assets.xcassets */ = {isa = PBXFileReference; lastKnownFileType = folder.assetcatalog; path = "Preview Assets.xcassets"; sourceTree = "<group>"; };
		4F90B148247BBDEB003A97D1 /* Base */ = {isa = PBXFileReference; lastKnownFileType = file.storyboard; name = Base; path = Base.lproj/LaunchScreen.storyboard; sourceTree = "<group>"; };
		4F90B14A247BBDEB003A97D1 /* Info.plist */ = {isa = PBXFileReference; lastKnownFileType = text.plist.xml; path = Info.plist; sourceTree = "<group>"; };
		4F90B153247BD5BA003A97D1 /* ProspectsView.swift */ = {isa = PBXFileReference; lastKnownFileType = sourcecode.swift; path = ProspectsView.swift; sourceTree = "<group>"; };
		4F90B155247BD5C2003A97D1 /* MeView.swift */ = {isa = PBXFileReference; lastKnownFileType = sourcecode.swift; path = MeView.swift; sourceTree = "<group>"; };
		4F90B157247BD71D003A97D1 /* Prospect.swift */ = {isa = PBXFileReference; lastKnownFileType = sourcecode.swift; path = Prospect.swift; sourceTree = "<group>"; };
/* End PBXFileReference section */

/* Begin PBXFrameworksBuildPhase section */
		4F90B136247BBDE4003A97D1 /* Frameworks */ = {
			isa = PBXFrameworksBuildPhase;
			buildActionMask = 2147483647;
			files = (
				6B33C09D247C1D3000B065D8 /* CodeScanner in Frameworks */,
				4F90B152247BD247003A97D1 /* SamplePackage in Frameworks */,
			);
			runOnlyForDeploymentPostprocessing = 0;
		};
/* End PBXFrameworksBuildPhase section */

/* Begin PBXGroup section */
		4F90B130247BBDE4003A97D1 = {
			isa = PBXGroup;
			children = (
				4F90B13B247BBDE4003A97D1 /* HotProspects */,
				4F90B13A247BBDE4003A97D1 /* Products */,
			);
			sourceTree = "<group>";
		};
		4F90B13A247BBDE4003A97D1 /* Products */ = {
			isa = PBXGroup;
			children = (
				4F90B139247BBDE4003A97D1 /* HotProspects.app */,
			);
			name = Products;
			sourceTree = "<group>";
		};
		4F90B13B247BBDE4003A97D1 /* HotProspects */ = {
			isa = PBXGroup;
			children = (
				4F90B13C247BBDE4003A97D1 /* AppDelegate.swift */,
				4F90B13E247BBDE4003A97D1 /* SceneDelegate.swift */,
				4F90B140247BBDE4003A97D1 /* ContentView.swift */,
				4F90B153247BD5BA003A97D1 /* ProspectsView.swift */,
				4F90B155247BD5C2003A97D1 /* MeView.swift */,
				4F90B157247BD71D003A97D1 /* Prospect.swift */,
				4F90B142247BBDEB003A97D1 /* Assets.xcassets */,
				4F90B147247BBDEB003A97D1 /* LaunchScreen.storyboard */,
				4F90B14A247BBDEB003A97D1 /* Info.plist */,
				4F90B144247BBDEB003A97D1 /* Preview Content */,
			);
			path = HotProspects;
			sourceTree = "<group>";
		};
		4F90B144247BBDEB003A97D1 /* Preview Content */ = {
			isa = PBXGroup;
			children = (
				4F90B145247BBDEB003A97D1 /* Preview Assets.xcassets */,
			);
			path = "Preview Content";
			sourceTree = "<group>";
		};
/* End PBXGroup section */

/* Begin PBXNativeTarget section */
		4F90B138247BBDE4003A97D1 /* HotProspects */ = {
			isa = PBXNativeTarget;
			buildConfigurationList = 4F90B14D247BBDEB003A97D1 /* Build configuration list for PBXNativeTarget "HotProspects" */;
			buildPhases = (
				4F90B135247BBDE4003A97D1 /* Sources */,
				4F90B136247BBDE4003A97D1 /* Frameworks */,
				4F90B137247BBDE4003A97D1 /* Resources */,
			);
			buildRules = (
			);
			dependencies = (
			);
			name = HotProspects;
			packageProductDependencies = (
				4F90B151247BD247003A97D1 /* SamplePackage */,
				6B33C09C247C1D3000B065D8 /* CodeScanner */,
			);
			productName = HotProspects;
			productReference = 4F90B139247BBDE4003A97D1 /* HotProspects.app */;
			productType = "com.apple.product-type.application";
		};
/* End PBXNativeTarget section */

/* Begin PBXProject section */
		4F90B131247BBDE4003A97D1 /* Project object */ = {
			isa = PBXProject;
			attributes = {
				LastSwiftUpdateCheck = 1150;
				LastUpgradeCheck = 1150;
				ORGANIZATIONNAME = JFF147;
				TargetAttributes = {
					4F90B138247BBDE4003A97D1 = {
						CreatedOnToolsVersion = 11.5;
					};
				};
			};
			buildConfigurationList = 4F90B134247BBDE4003A97D1 /* Build configuration list for PBXProject "HotProspects" */;
			compatibilityVersion = "Xcode 9.3";
			developmentRegion = en;
			hasScannedForEncodings = 0;
			knownRegions = (
				en,
				Base,
			);
			mainGroup = 4F90B130247BBDE4003A97D1;
			packageReferences = (
				4F90B150247BD247003A97D1 /* XCRemoteSwiftPackageReference "SamplePackage" */,
				6B33C09B247C1D3000B065D8 /* XCRemoteSwiftPackageReference "CodeScanner" */,
			);
			productRefGroup = 4F90B13A247BBDE4003A97D1 /* Products */;
			projectDirPath = "";
			projectRoot = "";
			targets = (
				4F90B138247BBDE4003A97D1 /* HotProspects */,
			);
		};
/* End PBXProject section */

/* Begin PBXResourcesBuildPhase section */
		4F90B137247BBDE4003A97D1 /* Resources */ = {
			isa = PBXResourcesBuildPhase;
			buildActionMask = 2147483647;
			files = (
				4F90B149247BBDEB003A97D1 /* LaunchScreen.storyboard in Resources */,
				4F90B146247BBDEB003A97D1 /* Preview Assets.xcassets in Resources */,
				4F90B143247BBDEB003A97D1 /* Assets.xcassets in Resources */,
			);
			runOnlyForDeploymentPostprocessing = 0;
		};
/* End PBXResourcesBuildPhase section */

/* Begin PBXSourcesBuildPhase section */
		4F90B135247BBDE4003A97D1 /* Sources */ = {
			isa = PBXSourcesBuildPhase;
			buildActionMask = 2147483647;
			files = (
				4F90B154247BD5BA003A97D1 /* ProspectsView.swift in Sources */,
				4F90B158247BD71D003A97D1 /* Prospect.swift in Sources */,
				4F90B13D247BBDE4003A97D1 /* AppDelegate.swift in Sources */,
				4F90B13F247BBDE4003A97D1 /* SceneDelegate.swift in Sources */,
				4F90B141247BBDE4003A97D1 /* ContentView.swift in Sources */,
				4F90B156247BD5C2003A97D1 /* MeView.swift in Sources */,
			);
			runOnlyForDeploymentPostprocessing = 0;
		};
/* End PBXSourcesBuildPhase section */

/* Begin PBXVariantGroup section */
		4F90B147247BBDEB003A97D1 /* LaunchScreen.storyboard */ = {
			isa = PBXVariantGroup;
			children = (
				4F90B148247BBDEB003A97D1 /* Base */,
			);
			name = LaunchScreen.storyboard;
			sourceTree = "<group>";
		};
/* End PBXVariantGroup section */

/* Begin XCBuildConfiguration section */
		4F90B14B247BBDEB003A97D1 /* Debug */ = {
			isa = XCBuildConfiguration;
			buildSettings = {
				ALWAYS_SEARCH_USER_PATHS = NO;
				CLANG_ANALYZER_NONNULL = YES;
				CLANG_ANALYZER_NUMBER_OBJECT_CONVERSION = YES_AGGRESSIVE;
				CLANG_CXX_LANGUAGE_STANDARD = "gnu++14";
				CLANG_CXX_LIBRARY = "libc++";
				CLANG_ENABLE_MODULES = YES;
				CLANG_ENABLE_OBJC_ARC = YES;
				CLANG_ENABLE_OBJC_WEAK = YES;
				CLANG_WARN_BLOCK_CAPTURE_AUTORELEASING = YES;
				CLANG_WARN_BOOL_CONVERSION = YES;
				CLANG_WARN_COMMA = YES;
				CLANG_WARN_CONSTANT_CONVERSION = YES;
				CLANG_WARN_DEPRECATED_OBJC_IMPLEMENTATIONS = YES;
				CLANG_WARN_DIRECT_OBJC_ISA_USAGE = YES_ERROR;
				CLANG_WARN_DOCUMENTATION_COMMENTS = YES;
				CLANG_WARN_EMPTY_BODY = YES;
				CLANG_WARN_ENUM_CONVERSION = YES;
				CLANG_WARN_INFINITE_RECURSION = YES;
				CLANG_WARN_INT_CONVERSION = YES;
				CLANG_WARN_NON_LITERAL_NULL_CONVERSION = YES;
				CLANG_WARN_OBJC_IMPLICIT_RETAIN_SELF = YES;
				CLANG_WARN_OBJC_LITERAL_CONVERSION = YES;
				CLANG_WARN_OBJC_ROOT_CLASS = YES_ERROR;
				CLANG_WARN_RANGE_LOOP_ANALYSIS = YES;
				CLANG_WARN_STRICT_PROTOTYPES = YES;
				CLANG_WARN_SUSPICIOUS_MOVE = YES;
				CLANG_WARN_UNGUARDED_AVAILABILITY = YES_AGGRESSIVE;
				CLANG_WARN_UNREACHABLE_CODE = YES;
				CLANG_WARN__DUPLICATE_METHOD_MATCH = YES;
				COPY_PHASE_STRIP = NO;
				DEBUG_INFORMATION_FORMAT = dwarf;
				ENABLE_STRICT_OBJC_MSGSEND = YES;
				ENABLE_TESTABILITY = YES;
				GCC_C_LANGUAGE_STANDARD = gnu11;
				GCC_DYNAMIC_NO_PIC = NO;
				GCC_NO_COMMON_BLOCKS = YES;
				GCC_OPTIMIZATION_LEVEL = 0;
				GCC_PREPROCESSOR_DEFINITIONS = (
					"DEBUG=1",
					"$(inherited)",
				);
				GCC_WARN_64_TO_32_BIT_CONVERSION = YES;
				GCC_WARN_ABOUT_RETURN_TYPE = YES_ERROR;
				GCC_WARN_UNDECLARED_SELECTOR = YES;
				GCC_WARN_UNINITIALIZED_AUTOS = YES_AGGRESSIVE;
				GCC_WARN_UNUSED_FUNCTION = YES;
				GCC_WARN_UNUSED_VARIABLE = YES;
				IPHONEOS_DEPLOYMENT_TARGET = 13.0;
				MTL_ENABLE_DEBUG_INFO = INCLUDE_SOURCE;
				MTL_FAST_MATH = YES;
				ONLY_ACTIVE_ARCH = YES;
				SDKROOT = iphoneos;
				SWIFT_ACTIVE_COMPILATION_CONDITIONS = DEBUG;
				SWIFT_OPTIMIZATION_LEVEL = "-Onone";
			};
			name = Debug;
		};
		4F90B14C247BBDEB003A97D1 /* Release */ = {
			isa = XCBuildConfiguration;
			buildSettings = {
				ALWAYS_SEARCH_USER_PATHS = NO;
				CLANG_ANALYZER_NONNULL = YES;
				CLANG_ANALYZER_NUMBER_OBJECT_CONVERSION = YES_AGGRESSIVE;
				CLANG_CXX_LANGUAGE_STANDARD = "gnu++14";
				CLANG_CXX_LIBRARY = "libc++";
				CLANG_ENABLE_MODULES = YES;
				CLANG_ENABLE_OBJC_ARC = YES;
				CLANG_ENABLE_OBJC_WEAK = YES;
				CLANG_WARN_BLOCK_CAPTURE_AUTORELEASING = YES;
				CLANG_WARN_BOOL_CONVERSION = YES;
				CLANG_WARN_COMMA = YES;
				CLANG_WARN_CONSTANT_CONVERSION = YES;
				CLANG_WARN_DEPRECATED_OBJC_IMPLEMENTATIONS = YES;
				CLANG_WARN_DIRECT_OBJC_ISA_USAGE = YES_ERROR;
				CLANG_WARN_DOCUMENTATION_COMMENTS = YES;
				CLANG_WARN_EMPTY_BODY = YES;
				CLANG_WARN_ENUM_CONVERSION = YES;
				CLANG_WARN_INFINITE_RECURSION = YES;
				CLANG_WARN_INT_CONVERSION = YES;
				CLANG_WARN_NON_LITERAL_NULL_CONVERSION = YES;
				CLANG_WARN_OBJC_IMPLICIT_RETAIN_SELF = YES;
				CLANG_WARN_OBJC_LITERAL_CONVERSION = YES;
				CLANG_WARN_OBJC_ROOT_CLASS = YES_ERROR;
				CLANG_WARN_RANGE_LOOP_ANALYSIS = YES;
				CLANG_WARN_STRICT_PROTOTYPES = YES;
				CLANG_WARN_SUSPICIOUS_MOVE = YES;
				CLANG_WARN_UNGUARDED_AVAILABILITY = YES_AGGRESSIVE;
				CLANG_WARN_UNREACHABLE_CODE = YES;
				CLANG_WARN__DUPLICATE_METHOD_MATCH = YES;
				COPY_PHASE_STRIP = NO;
				DEBUG_INFORMATION_FORMAT = "dwarf-with-dsym";
				ENABLE_NS_ASSERTIONS = NO;
				ENABLE_STRICT_OBJC_MSGSEND = YES;
				GCC_C_LANGUAGE_STANDARD = gnu11;
				GCC_NO_COMMON_BLOCKS = YES;
				GCC_WARN_64_TO_32_BIT_CONVERSION = YES;
				GCC_WARN_ABOUT_RETURN_TYPE = YES_ERROR;
				GCC_WARN_UNDECLARED_SELECTOR = YES;
				GCC_WARN_UNINITIALIZED_AUTOS = YES_AGGRESSIVE;
				GCC_WARN_UNUSED_FUNCTION = YES;
				GCC_WARN_UNUSED_VARIABLE = YES;
				IPHONEOS_DEPLOYMENT_TARGET = 13.0;
				MTL_ENABLE_DEBUG_INFO = NO;
				MTL_FAST_MATH = YES;
				SDKROOT = iphoneos;
				SWIFT_COMPILATION_MODE = wholemodule;
				SWIFT_OPTIMIZATION_LEVEL = "-O";
				VALIDATE_PRODUCT = YES;
			};
			name = Release;
		};
		4F90B14E247BBDEB003A97D1 /* Debug */ = {
			isa = XCBuildConfiguration;
			buildSettings = {
				ASSETCATALOG_COMPILER_APPICON_NAME = AppIcon;
				CODE_SIGN_STYLE = Automatic;
				DEVELOPMENT_ASSET_PATHS = "\"HotProspects/Preview Content\"";
				DEVELOPMENT_TEAM = JHT4FL54H9;
				ENABLE_PREVIEWS = YES;
				INFOPLIST_FILE = HotProspects/Info.plist;
				LD_RUNPATH_SEARCH_PATHS = (
					"$(inherited)",
					"@executable_path/Frameworks",
				);
				PRODUCT_BUNDLE_IDENTIFIER = cn.keisme.HotProspects;
				PRODUCT_NAME = "$(TARGET_NAME)";
				SWIFT_VERSION = 5.0;
				TARGETED_DEVICE_FAMILY = "1,2";
			};
			name = Debug;
		};
		4F90B14F247BBDEB003A97D1 /* Release */ = {
			isa = XCBuildConfiguration;
			buildSettings = {
				ASSETCATALOG_COMPILER_APPICON_NAME = AppIcon;
				CODE_SIGN_STYLE = Automatic;
				DEVELOPMENT_ASSET_PATHS = "\"HotProspects/Preview Content\"";
				DEVELOPMENT_TEAM = JHT4FL54H9;
				ENABLE_PREVIEWS = YES;
				INFOPLIST_FILE = HotProspects/Info.plist;
				LD_RUNPATH_SEARCH_PATHS = (
					"$(inherited)",
					"@executable_path/Frameworks",
				);
				PRODUCT_BUNDLE_IDENTIFIER = cn.keisme.HotProspects;
				PRODUCT_NAME = "$(TARGET_NAME)";
				SWIFT_VERSION = 5.0;
				TARGETED_DEVICE_FAMILY = "1,2";
			};
			name = Release;
		};
/* End XCBuildConfiguration section */

/* Begin XCConfigurationList section */
		4F90B134247BBDE4003A97D1 /* Build configuration list for PBXProject "HotProspects" */ = {
			isa = XCConfigurationList;
			buildConfigurations = (
				4F90B14B247BBDEB003A97D1 /* Debug */,
				4F90B14C247BBDEB003A97D1 /* Release */,
			);
			defaultConfigurationIsVisible = 0;
			defaultConfigurationName = Release;
		};
		4F90B14D247BBDEB003A97D1 /* Build configuration list for PBXNativeTarget "HotProspects" */ = {
			isa = XCConfigurationList;
			buildConfigurations = (
				4F90B14E247BBDEB003A97D1 /* Debug */,
				4F90B14F247BBDEB003A97D1 /* Release */,
			);
			defaultConfigurationIsVisible = 0;
			defaultConfigurationName = Release;
		};
/* End XCConfigurationList section */

/* Begin XCRemoteSwiftPackageReference section */
		4F90B150247BD247003A97D1 /* XCRemoteSwiftPackageReference "SamplePackage" */ = {
			isa = XCRemoteSwiftPackageReference;
			repositoryURL = "https://github.com/twostraws/SamplePackage";
			requirement = {
				kind = upToNextMajorVersion;
				minimumVersion = 1.0.0;
			};
		};
		6B33C09B247C1D3000B065D8 /* XCRemoteSwiftPackageReference "CodeScanner" */ = {
			isa = XCRemoteSwiftPackageReference;
			repositoryURL = "https://github.com/twostraws/CodeScanner";
			requirement = {
				kind = upToNextMajorVersion;
				minimumVersion = 1.0.6;
			};
		};
/* End XCRemoteSwiftPackageReference section */

/* Begin XCSwiftPackageProductDependency section */
		4F90B151247BD247003A97D1 /* SamplePackage */ = {
			isa = XCSwiftPackageProductDependency;
			package = 4F90B150247BD247003A97D1 /* XCRemoteSwiftPackageReference "SamplePackage" */;
			productName = SamplePackage;
		};
		6B33C09C247C1D3000B065D8 /* CodeScanner */ = {
			isa = XCSwiftPackageProductDependency;
			package = 6B33C09B247C1D3000B065D8 /* XCRemoteSwiftPackageReference "CodeScanner" */;
			productName = CodeScanner;
		};
/* End XCSwiftPackageProductDependency section */
	};
	rootObject = 4F90B131247BBDE4003A97D1 /* Project object */;
}
